
Microsoft Visual Studio Solution File, Format Version 12.00
# Visual Studio Version 17
VisualStudioVersion = 17.12.35514.174
MinimumVisualStudioVersion = 10.0.40219.1
Project("{8BC9CEB8-8B4A-11D0-8D11-00A0C91BC942}") = "05-SceneManager", "05-SceneManager\05-SceneManager.vcxproj", "{30B52332-21EE-43B1-91BF-B2494C04C34F}"
EndProject
Project("{8BC9CEB8-8B4A-11D0-8D11-00A0C91BC942}") = "tmxlite", "tmxlite-master\tmxlite-master\tmxlite\tmxlite.vcxproj", "{0BC0C535-FEBB-4A83-8197-AF74FA26E100}"
EndProject
Global
	GlobalSection(SolutionConfigurationPlatforms) = preSolution
		Debug|Any CPU = Debug|Any CPU
		Debug|Mixed Platforms = Debug|Mixed Platforms
		Debug|Win32 = Debug|Win32
		Debug|x64 = Debug|x64
		Release|Any CPU = Release|Any CPU
		Release|Mixed Platforms = Release|Mixed Platforms
		Release|Win32 = Release|Win32
		Release|x64 = Release|x64
	EndGlobalSection
	GlobalSection(ProjectConfigurationPlatforms) = postSolution
		{30B52332-21EE-43B1-91BF-B2494C04C34F}.Debug|Any CPU.ActiveCfg = Debug|Win32
		{30B52332-21EE-43B1-91BF-B2494C04C34F}.Debug|Mixed Platforms.ActiveCfg = Debug|Win32
		{30B52332-21EE-43B1-91BF-B2494C04C34F}.Debug|Mixed Platforms.Build.0 = Debug|Win32
		{30B52332-21EE-43B1-91BF-B2494C04C34F}.Debug|Win32.ActiveCfg = Debug|Win32
		{30B52332-21EE-43B1-91BF-B2494C04C34F}.Debug|Win32.Build.0 = Debug|Win32
		{30B52332-21EE-43B1-91BF-B2494C04C34F}.Debug|x64.ActiveCfg = Debug|x64
		{30B52332-21EE-43B1-91BF-B2494C04C34F}.Debug|x64.Build.0 = Debug|x64
		{30B52332-21EE-43B1-91BF-B2494C04C34F}.Release|Any CPU.ActiveCfg = Release|Win32
		{30B52332-21EE-43B1-91BF-B2494C04C34F}.Release|Mixed Platforms.ActiveCfg = Release|Win32
		{30B52332-21EE-43B1-91BF-B2494C04C34F}.Release|Mixed Platforms.Build.0 = Release|Win32
		{30B52332-21EE-43B1-91BF-B2494C04C34F}.Release|Win32.ActiveCfg = Release|Win32
		{30B52332-21EE-43B1-91BF-B2494C04C34F}.Release|Win32.Build.0 = Release|Win32
		{30B52332-21EE-43B1-91BF-B2494C04C34F}.Release|x64.ActiveCfg = Release|x64
		{30B52332-21EE-43B1-91BF-B2494C04C34F}.Release|x64.Build.0 = Release|x64
		{0BC0C535-FEBB-4A83-8197-AF74FA26E100}.Debug|Any CPU.ActiveCfg = DebugStatic|x64
		{0BC0C535-FEBB-4A83-8197-AF74FA26E100}.Debug|Any CPU.Build.0 = DebugStatic|x64
		{0BC0C535-FEBB-4A83-8197-AF74FA26E100}.Debug|Mixed Platforms.ActiveCfg = DebugStatic|x64
		{0BC0C535-FEBB-4A83-8197-AF74FA26E100}.Debug|Mixed Platforms.Build.0 = DebugStatic|x64
		{0BC0C535-FEBB-4A83-8197-AF74FA26E100}.Debug|Win32.ActiveCfg = DebugShared|Win32
		{0BC0C535-FEBB-4A83-8197-AF74FA26E100}.Debug|Win32.Build.0 = DebugShared|Win32
		{0BC0C535-FEBB-4A83-8197-AF74FA26E100}.Debug|x64.ActiveCfg = DebugStatic|x64
		{0BC0C535-FEBB-4A83-8197-AF74FA26E100}.Debug|x64.Build.0 = DebugStatic|x64
		{0BC0C535-FEBB-4A83-8197-AF74FA26E100}.Release|Any CPU.ActiveCfg = ReleaseShared|x64
		{0BC0C535-FEBB-4A83-8197-AF74FA26E100}.Release|Any CPU.Build.0 = ReleaseShared|x64
		{0BC0C535-FEBB-4A83-8197-AF74FA26E100}.Release|Mixed Platforms.ActiveCfg = ReleaseShared|x64
		{0BC0C535-FEBB-4A83-8197-AF74FA26E100}.Release|Mixed Platforms.Build.0 = ReleaseShared|x64
		{0BC0C535-FEBB-4A83-8197-AF74FA26E100}.Release|Win32.ActiveCfg = ReleaseShared|Win32
		{0BC0C535-FEBB-4A83-8197-AF74FA26E100}.Release|Win32.Build.0 = ReleaseShared|Win32
		{0BC0C535-FEBB-4A83-8197-AF74FA26E100}.Release|x64.ActiveCfg = ReleaseShared|x64
		{0BC0C535-FEBB-4A83-8197-AF74FA26E100}.Release|x64.Build.0 = ReleaseShared|x64
	EndGlobalSection
	GlobalSection(SolutionProperties) = preSolution
		HideSolutionNode = FALSE
	EndGlobalSection
	GlobalSection(ExtensibilityGlobals) = postSolution
		SolutionGuid = {B2A16E4D-CE45-4AE0-A3F8-7A83817B0D7B}
	EndGlobalSection
EndGlobal
